{"format":"ling.lock/1","packages":[{"content":"sha256:0387cf0bd996a69175739bc750ddeddbe88ec0b40f5c9ac23753739f96c67819","dependencies":[],"name":"cached","version":"3.0.0"},{"content":"sha256:d1e381e7204bd3fd2502a941728994600e45f97483400dd4939286ba96c78073","dependencies":[{"content":"sha256:0387cf0bd996a69175739bc750ddeddbe88ec0b40f5c9ac23753739f96c67819","name":"cached"}],"name":"offline-app","version":"1.0.0"}],"root":{"content":"sha256:d1e381e7204bd3fd2502a941728994600e45f97483400dd4939286ba96c78073","name":"offline-app","version":"1.0.0"}}
